// !$*UTF8*$!
{
	archiveVersion = 1;
	classes = {
	};
	objectVersion = 46;
	objects = {

/* Begin PBXBuildFile section */
		372969F01DACC41D00831162 /* DrawingView.swift in Sources */ = {isa = PBXBuildFile; fileRef = 372969EF1DACC41D00831162 /* DrawingView.swift */; };
		372969F41DACE66900831162 /* BallView.swift in Sources */ = {isa = PBXBuildFile; fileRef = 372969F31DACE66900831162 /* BallView.swift */; };
		372969F61DACE6D900831162 /* PlayerView.swift in Sources */ = {isa = PBXBuildFile; fileRef = 372969F51DACE6D900831162 /* PlayerView.swift */; };
		372969F91DACE84E00831162 /* Colors.swift in Sources */ = {isa = PBXBuildFile; fileRef = 372969F81DACE84E00831162 /* Colors.swift */; };
		372C1F861DB8A49E0006315B /* SidebarButton.swift in Sources */ = {isa = PBXBuildFile; fileRef = 372C1F851DB8A49E0006315B /* SidebarButton.swift */; };
		372C1F8A1DBA34F50006315B /* MovableTactic.swift in Sources */ = {isa = PBXBuildFile; fileRef = 372C1F891DBA34F50006315B /* MovableTactic.swift */; };
		372C1F911DBDEC200006315B /* TextFieldAlertVC.swift in Sources */ = {isa = PBXBuildFile; fileRef = 372C1F901DBDEC200006315B /* TextFieldAlertVC.swift */; };
		372C1F941DBE25EC0006315B /* Alert.swift in Sources */ = {isa = PBXBuildFile; fileRef = 372C1F931DBE25EC0006315B /* Alert.swift */; };
		372C1F961DBF27590006315B /* TextFieldAlertVC.xib in Resources */ = {isa = PBXBuildFile; fileRef = 372C1F951DBF27590006315B /* TextFieldAlertVC.xib */; };
		37625D7E1DB4FBE00048EE01 /* SidebarMenu.swift in Sources */ = {isa = PBXBuildFile; fileRef = 37625D7D1DB4FBE00048EE01 /* SidebarMenu.swift */; };
		37701C021DAE641D007EB0E9 /* Images.xcassets in Resources */ = {isa = PBXBuildFile; fileRef = 37701C011DAE641D007EB0E9 /* Images.xcassets */; };
		37701C041DAE7D53007EB0E9 /* Tactic.swift in Sources */ = {isa = PBXBuildFile; fileRef = 37701C031DAE7D53007EB0E9 /* Tactic.swift */; };
		37701C061DAF4955007EB0E9 /* MovableObject.swift in Sources */ = {isa = PBXBuildFile; fileRef = 37701C051DAF4955007EB0E9 /* MovableObject.swift */; };
		37701C081DAF4BCE007EB0E9 /* State.swift in Sources */ = {isa = PBXBuildFile; fileRef = 37701C071DAF4BCE007EB0E9 /* State.swift */; };
		378D9DAB1DAD0C50007AFE1D /* MovableManager.swift in Sources */ = {isa = PBXBuildFile; fileRef = 378D9DAA1DAD0C50007AFE1D /* MovableManager.swift */; };
		37B056961DC0C6A3002F639E /* LoadTacticAlertVC.swift in Sources */ = {isa = PBXBuildFile; fileRef = 37B056941DC0C6A3002F639E /* LoadTacticAlertVC.swift */; };
		37B056971DC0C6A3002F639E /* LoadTacticAlertVC.xib in Resources */ = {isa = PBXBuildFile; fileRef = 37B056951DC0C6A3002F639E /* LoadTacticAlertVC.xib */; };
		37B0569C1DC0E6F0002F639E /* TacticAlertCell.swift in Sources */ = {isa = PBXBuildFile; fileRef = 37B0569A1DC0E6F0002F639E /* TacticAlertCell.swift */; };
		37B0569D1DC0E6F0002F639E /* TacticAlertCell.xib in Resources */ = {isa = PBXBuildFile; fileRef = 37B0569B1DC0E6F0002F639E /* TacticAlertCell.xib */; };
		37BAE7DE1DAF92AA0075DBC5 /* RealmManager.swift in Sources */ = {isa = PBXBuildFile; fileRef = 37BAE7DD1DAF92AA0075DBC5 /* RealmManager.swift */; };
		37BAE7E01DAFA3710075DBC5 /* DrawManager.swift in Sources */ = {isa = PBXBuildFile; fileRef = 37BAE7DF1DAFA3710075DBC5 /* DrawManager.swift */; };
		56743339D0F8772A47A83FD6 /* Pods_TactixBoard.framework in Frameworks */ = {isa = PBXBuildFile; fileRef = B4D8546945CD977668288E4F /* Pods_TactixBoard.framework */; };
		8D17100E1BB9B9350007F919 /* LineView.swift in Sources */ = {isa = PBXBuildFile; fileRef = 8D17100D1BB9B9350007F919 /* LineView.swift */; };
		8D1710101BB9BF740007F919 /* MovableView.swift in Sources */ = {isa = PBXBuildFile; fileRef = 8D17100F1BB9BF740007F919 /* MovableView.swift */; };
		8D27C5311E255FC0004D1BB3 /* PlayerTests.swift in Sources */ = {isa = PBXBuildFile; fileRef = 8D27C5301E255FC0004D1BB3 /* PlayerTests.swift */; };
		8D27C5331E255FD7004D1BB3 /* TactixBoardTests.swift in Sources */ = {isa = PBXBuildFile; fileRef = 8D27C5321E255FD7004D1BB3 /* TactixBoardTests.swift */; };
		8D5F87561BCC106200FFE288 /* AddMenu.swift in Sources */ = {isa = PBXBuildFile; fileRef = 8D5F87551BCC106200FFE288 /* AddMenu.swift */; };
		8D5F875C1BCCE35B00FFE288 /* DeleteMenu.swift in Sources */ = {isa = PBXBuildFile; fileRef = 8D5F875B1BCCE35B00FFE288 /* DeleteMenu.swift */; };
		8D5F875E1BCCEDFD00FFE288 /* MenuType.swift in Sources */ = {isa = PBXBuildFile; fileRef = 8D5F875D1BCCEDFD00FFE288 /* MenuType.swift */; };
		8D5F87601BCCF72B00FFE288 /* Fonts.swift in Sources */ = {isa = PBXBuildFile; fileRef = 8D5F875F1BCCF72B00FFE288 /* Fonts.swift */; };
		8D7A4F711E01D4F400048C3D /* Array+Extensions.swift in Sources */ = {isa = PBXBuildFile; fileRef = 8D7A4F701E01D4F400048C3D /* Array+Extensions.swift */; };
		8D884B241BCD62F100279F13 /* LineTypeMenu.swift in Sources */ = {isa = PBXBuildFile; fileRef = 8D884B231BCD62F100279F13 /* LineTypeMenu.swift */; };
		8D8BB1801DB3F5AF00514F87 /* RoundView.swift in Sources */ = {isa = PBXBuildFile; fileRef = 8D8BB17F1DB3F5AF00514F87 /* RoundView.swift */; };
		8DA4E1811B9AD9B800001794 /* AppDelegate.swift in Sources */ = {isa = PBXBuildFile; fileRef = 8DA4E1801B9AD9B800001794 /* AppDelegate.swift */; };
		8DA4E1861B9AD9B800001794 /* Main.storyboard in Resources */ = {isa = PBXBuildFile; fileRef = 8DA4E1841B9AD9B800001794 /* Main.storyboard */; };
		8DA4E18B1B9AD9B800001794 /* LaunchScreen.xib in Resources */ = {isa = PBXBuildFile; fileRef = 8DA4E1891B9AD9B800001794 /* LaunchScreen.xib */; };
		8DA4E1A81B9E11AB00001794 /* BoardVC.swift in Sources */ = {isa = PBXBuildFile; fileRef = 8DA4E1A71B9E11AB00001794 /* BoardVC.swift */; };
		8DA4E1AA1B9E13D900001794 /* Buttons.swift in Sources */ = {isa = PBXBuildFile; fileRef = 8DA4E1A91B9E13D900001794 /* Buttons.swift */; };
/* End PBXBuildFile section */

/* Begin PBXContainerItemProxy section */
		8D27C52B1E255F7C004D1BB3 /* PBXContainerItemProxy */ = {
			isa = PBXContainerItemProxy;
			containerPortal = 8DA4E1731B9AD9B800001794 /* Project object */;
			proxyType = 1;
			remoteGlobalIDString = 8DA4E17A1B9AD9B800001794;
			remoteInfo = TactixBoard;
		};
/* End PBXContainerItemProxy section */

/* Begin PBXFileReference section */
		372969EF1DACC41D00831162 /* DrawingView.swift */ = {isa = PBXFileReference; fileEncoding = 4; lastKnownFileType = sourcecode.swift; path = DrawingView.swift; sourceTree = "<group>"; };
		372969F31DACE66900831162 /* BallView.swift */ = {isa = PBXFileReference; fileEncoding = 4; lastKnownFileType = sourcecode.swift; path = BallView.swift; sourceTree = "<group>"; };
		372969F51DACE6D900831162 /* PlayerView.swift */ = {isa = PBXFileReference; fileEncoding = 4; lastKnownFileType = sourcecode.swift; path = PlayerView.swift; sourceTree = "<group>"; };
		372969F81DACE84E00831162 /* Colors.swift */ = {isa = PBXFileReference; fileEncoding = 4; lastKnownFileType = sourcecode.swift; path = Colors.swift; sourceTree = "<group>"; };
		372C1F851DB8A49E0006315B /* SidebarButton.swift */ = {isa = PBXFileReference; fileEncoding = 4; lastKnownFileType = sourcecode.swift; path = SidebarButton.swift; sourceTree = "<group>"; };
		372C1F891DBA34F50006315B /* MovableTactic.swift */ = {isa = PBXFileReference; fileEncoding = 4; lastKnownFileType = sourcecode.swift; path = MovableTactic.swift; sourceTree = "<group>"; };
		372C1F901DBDEC200006315B /* TextFieldAlertVC.swift */ = {isa = PBXFileReference; fileEncoding = 4; lastKnownFileType = sourcecode.swift; path = TextFieldAlertVC.swift; sourceTree = "<group>"; };
		372C1F931DBE25EC0006315B /* Alert.swift */ = {isa = PBXFileReference; fileEncoding = 4; lastKnownFileType = sourcecode.swift; path = Alert.swift; sourceTree = "<group>"; };
		372C1F951DBF27590006315B /* TextFieldAlertVC.xib */ = {isa = PBXFileReference; fileEncoding = 4; lastKnownFileType = file.xib; path = TextFieldAlertVC.xib; sourceTree = "<group>"; };
		37625D7D1DB4FBE00048EE01 /* SidebarMenu.swift */ = {isa = PBXFileReference; fileEncoding = 4; lastKnownFileType = sourcecode.swift; path = SidebarMenu.swift; sourceTree = "<group>"; };
		37701C011DAE641D007EB0E9 /* Images.xcassets */ = {isa = PBXFileReference; lastKnownFileType = folder.assetcatalog; path = Images.xcassets; sourceTree = "<group>"; };
		37701C031DAE7D53007EB0E9 /* Tactic.swift */ = {isa = PBXFileReference; fileEncoding = 4; lastKnownFileType = sourcecode.swift; path = Tactic.swift; sourceTree = "<group>"; };
		37701C051DAF4955007EB0E9 /* MovableObject.swift */ = {isa = PBXFileReference; fileEncoding = 4; lastKnownFileType = sourcecode.swift; path = MovableObject.swift; sourceTree = "<group>"; };
		37701C071DAF4BCE007EB0E9 /* State.swift */ = {isa = PBXFileReference; fileEncoding = 4; lastKnownFileType = sourcecode.swift; path = State.swift; sourceTree = "<group>"; };
		378D9DAA1DAD0C50007AFE1D /* MovableManager.swift */ = {isa = PBXFileReference; fileEncoding = 4; lastKnownFileType = sourcecode.swift; path = MovableManager.swift; sourceTree = "<group>"; };
		37B056941DC0C6A3002F639E /* LoadTacticAlertVC.swift */ = {isa = PBXFileReference; fileEncoding = 4; lastKnownFileType = sourcecode.swift; path = LoadTacticAlertVC.swift; sourceTree = "<group>"; };
		37B056951DC0C6A3002F639E /* LoadTacticAlertVC.xib */ = {isa = PBXFileReference; fileEncoding = 4; lastKnownFileType = file.xib; path = LoadTacticAlertVC.xib; sourceTree = "<group>"; };
		37B0569A1DC0E6F0002F639E /* TacticAlertCell.swift */ = {isa = PBXFileReference; fileEncoding = 4; lastKnownFileType = sourcecode.swift; path = TacticAlertCell.swift; sourceTree = "<group>"; };
		37B0569B1DC0E6F0002F639E /* TacticAlertCell.xib */ = {isa = PBXFileReference; fileEncoding = 4; lastKnownFileType = file.xib; path = TacticAlertCell.xib; sourceTree = "<group>"; };
		37BAE7DD1DAF92AA0075DBC5 /* RealmManager.swift */ = {isa = PBXFileReference; fileEncoding = 4; lastKnownFileType = sourcecode.swift; path = RealmManager.swift; sourceTree = "<group>"; };
		37BAE7DF1DAFA3710075DBC5 /* DrawManager.swift */ = {isa = PBXFileReference; fileEncoding = 4; lastKnownFileType = sourcecode.swift; path = DrawManager.swift; sourceTree = "<group>"; };
		73D98DE3B3B39F49C1578A43 /* Pods-TactixBoard.debug.xcconfig */ = {isa = PBXFileReference; includeInIndex = 1; lastKnownFileType = text.xcconfig; name = "Pods-TactixBoard.debug.xcconfig"; path = "Pods/Target Support Files/Pods-TactixBoard/Pods-TactixBoard.debug.xcconfig"; sourceTree = "<group>"; };
		8D17100D1BB9B9350007F919 /* LineView.swift */ = {isa = PBXFileReference; fileEncoding = 4; lastKnownFileType = sourcecode.swift; path = LineView.swift; sourceTree = "<group>"; };
		8D17100F1BB9BF740007F919 /* MovableView.swift */ = {isa = PBXFileReference; fileEncoding = 4; lastKnownFileType = sourcecode.swift; path = MovableView.swift; sourceTree = "<group>"; };
		8D19EDEC1BA9DAD100A82FD9 /* BridgingHeader.h */ = {isa = PBXFileReference; lastKnownFileType = sourcecode.c.h; path = BridgingHeader.h; sourceTree = "<group>"; };
		8D27C5261E255F7C004D1BB3 /* TactixBoardTests.xctest */ = {isa = PBXFileReference; explicitFileType = wrapper.cfbundle; includeInIndex = 0; path = TactixBoardTests.xctest; sourceTree = BUILT_PRODUCTS_DIR; };
		8D27C52A1E255F7C004D1BB3 /* Info.plist */ = {isa = PBXFileReference; lastKnownFileType = text.plist.xml; path = Info.plist; sourceTree = "<group>"; };
		8D27C5301E255FC0004D1BB3 /* PlayerTests.swift */ = {isa = PBXFileReference; fileEncoding = 4; lastKnownFileType = sourcecode.swift; path = PlayerTests.swift; sourceTree = "<group>"; };
		8D27C5321E255FD7004D1BB3 /* TactixBoardTests.swift */ = {isa = PBXFileReference; fileEncoding = 4; lastKnownFileType = sourcecode.swift; path = TactixBoardTests.swift; sourceTree = "<group>"; };
		8D5F87551BCC106200FFE288 /* AddMenu.swift */ = {isa = PBXFileReference; fileEncoding = 4; lastKnownFileType = sourcecode.swift; path = AddMenu.swift; sourceTree = "<group>"; };
		8D5F875B1BCCE35B00FFE288 /* DeleteMenu.swift */ = {isa = PBXFileReference; fileEncoding = 4; lastKnownFileType = sourcecode.swift; path = DeleteMenu.swift; sourceTree = "<group>"; };
		8D5F875D1BCCEDFD00FFE288 /* MenuType.swift */ = {isa = PBXFileReference; fileEncoding = 4; lastKnownFileType = sourcecode.swift; path = MenuType.swift; sourceTree = "<group>"; };
		8D5F875F1BCCF72B00FFE288 /* Fonts.swift */ = {isa = PBXFileReference; fileEncoding = 4; lastKnownFileType = sourcecode.swift; path = Fonts.swift; sourceTree = "<group>"; };
		8D7A4F701E01D4F400048C3D /* Array+Extensions.swift */ = {isa = PBXFileReference; fileEncoding = 4; lastKnownFileType = sourcecode.swift; path = "Array+Extensions.swift"; sourceTree = "<group>"; };
		8D884B231BCD62F100279F13 /* LineTypeMenu.swift */ = {isa = PBXFileReference; fileEncoding = 4; lastKnownFileType = sourcecode.swift; path = LineTypeMenu.swift; sourceTree = "<group>"; };
		8D8BB17F1DB3F5AF00514F87 /* RoundView.swift */ = {isa = PBXFileReference; fileEncoding = 4; lastKnownFileType = sourcecode.swift; path = RoundView.swift; sourceTree = "<group>"; };
		8DA4E17B1B9AD9B800001794 /* TactixBoard.app */ = {isa = PBXFileReference; explicitFileType = wrapper.application; includeInIndex = 0; path = TactixBoard.app; sourceTree = BUILT_PRODUCTS_DIR; };
		8DA4E17F1B9AD9B800001794 /* Info.plist */ = {isa = PBXFileReference; lastKnownFileType = text.plist.xml; path = Info.plist; sourceTree = "<group>"; };
		8DA4E1801B9AD9B800001794 /* AppDelegate.swift */ = {isa = PBXFileReference; lastKnownFileType = sourcecode.swift; path = AppDelegate.swift; sourceTree = "<group>"; };
		8DA4E1851B9AD9B800001794 /* Base */ = {isa = PBXFileReference; lastKnownFileType = file.storyboard; name = Base; path = Base.lproj/Main.storyboard; sourceTree = "<group>"; };
		8DA4E18A1B9AD9B800001794 /* Base */ = {isa = PBXFileReference; lastKnownFileType = file.xib; name = Base; path = Base.lproj/LaunchScreen.xib; sourceTree = "<group>"; };
		8DA4E1A71B9E11AB00001794 /* BoardVC.swift */ = {isa = PBXFileReference; fileEncoding = 4; lastKnownFileType = sourcecode.swift; path = BoardVC.swift; sourceTree = "<group>"; };
		8DA4E1A91B9E13D900001794 /* Buttons.swift */ = {isa = PBXFileReference; fileEncoding = 4; lastKnownFileType = sourcecode.swift; path = Buttons.swift; sourceTree = "<group>"; };
		B4D8546945CD977668288E4F /* Pods_TactixBoard.framework */ = {isa = PBXFileReference; explicitFileType = wrapper.framework; includeInIndex = 0; path = Pods_TactixBoard.framework; sourceTree = BUILT_PRODUCTS_DIR; };
		E67D5E52CE95CB618B316C3A /* Pods-TactixBoard.release.xcconfig */ = {isa = PBXFileReference; includeInIndex = 1; lastKnownFileType = text.xcconfig; name = "Pods-TactixBoard.release.xcconfig"; path = "Pods/Target Support Files/Pods-TactixBoard/Pods-TactixBoard.release.xcconfig"; sourceTree = "<group>"; };
/* End PBXFileReference section */

/* Begin PBXFrameworksBuildPhase section */
		8D27C5231E255F7C004D1BB3 /* Frameworks */ = {
			isa = PBXFrameworksBuildPhase;
			buildActionMask = 2147483647;
			files = (
			);
			runOnlyForDeploymentPostprocessing = 0;
		};
		8DA4E1781B9AD9B800001794 /* Frameworks */ = {
			isa = PBXFrameworksBuildPhase;
			buildActionMask = 2147483647;
			files = (
				56743339D0F8772A47A83FD6 /* Pods_TactixBoard.framework in Frameworks */,
			);
			runOnlyForDeploymentPostprocessing = 0;
		};
/* End PBXFrameworksBuildPhase section */

/* Begin PBXGroup section */
		372969F11DACE63800831162 /* Movable */ = {
			isa = PBXGroup;
			children = (
				372969F31DACE66900831162 /* BallView.swift */,
				8D17100F1BB9BF740007F919 /* MovableView.swift */,
				372969F51DACE6D900831162 /* PlayerView.swift */,
			);
			path = Movable;
			sourceTree = "<group>";
		};
		372969F21DACE65300831162 /* Drawing */ = {
			isa = PBXGroup;
			children = (
				372969EF1DACC41D00831162 /* DrawingView.swift */,
				8D17100D1BB9B9350007F919 /* LineView.swift */,
			);
			path = Drawing;
			sourceTree = "<group>";
		};
		372969F71DACE84300831162 /* Helpers */ = {
			isa = PBXGroup;
			children = (
				8D7A4F6F1E01D4E900048C3D /* Extensions */,
				372969F81DACE84E00831162 /* Colors.swift */,
				8D5F875F1BCCF72B00FFE288 /* Fonts.swift */,
				8D8BB17F1DB3F5AF00514F87 /* RoundView.swift */,
			);
			path = Helpers;
			sourceTree = "<group>";
		};
		372C1F871DBA34C20006315B /* Realm */ = {
			isa = PBXGroup;
			children = (
				37701C051DAF4955007EB0E9 /* MovableObject.swift */,
				37701C071DAF4BCE007EB0E9 /* State.swift */,
				37701C031DAE7D53007EB0E9 /* Tactic.swift */,
			);
			path = Realm;
			sourceTree = "<group>";
		};
		372C1F881DBA34DD0006315B /* Movable */ = {
			isa = PBXGroup;
			children = (
				372C1F891DBA34F50006315B /* MovableTactic.swift */,
			);
			path = Movable;
			sourceTree = "<group>";
		};
		378D9DA91DAD0C40007AFE1D /* Managers */ = {
			isa = PBXGroup;
			children = (
				37BAE7DF1DAFA3710075DBC5 /* DrawManager.swift */,
				378D9DAA1DAD0C50007AFE1D /* MovableManager.swift */,
				37BAE7DD1DAF92AA0075DBC5 /* RealmManager.swift */,
			);
			path = Managers;
			sourceTree = "<group>";
		};
		37A9AF8F1DAE3D0700CA6D1F /* Models */ = {
			isa = PBXGroup;
			children = (
				372C1F881DBA34DD0006315B /* Movable */,
				372C1F871DBA34C20006315B /* Realm */,
			);
			path = Models;
			sourceTree = "<group>";
		};
		88460CEA1FD3BD8FDD2CFEF4 /* Frameworks */ = {
			isa = PBXGroup;
			children = (
				B4D8546945CD977668288E4F /* Pods_TactixBoard.framework */,
			);
			name = Frameworks;
			sourceTree = "<group>";
		};
		8D17100C1BB9B8FA0007F919 /* Views */ = {
			isa = PBXGroup;
			children = (
				8D8BB1761DB3F3E500514F87 /* Alerts */,
				372969F21DACE65300831162 /* Drawing */,
				372969F11DACE63800831162 /* Movable */,
				8D5F875A1BCCE2A600FFE288 /* Sidebar */,
			);
			path = Views;
			sourceTree = "<group>";
		};
		8D27C5271E255F7C004D1BB3 /* TactixBoardTests */ = {
			isa = PBXGroup;
			children = (
				8D27C52A1E255F7C004D1BB3 /* Info.plist */,
				8D27C5321E255FD7004D1BB3 /* TactixBoardTests.swift */,
				8D27C5301E255FC0004D1BB3 /* PlayerTests.swift */,
			);
			path = TactixBoardTests;
			sourceTree = "<group>";
		};
		8D5F875A1BCCE2A600FFE288 /* Sidebar */ = {
			isa = PBXGroup;
			children = (
				8D5F87551BCC106200FFE288 /* AddMenu.swift */,
				8D5F875B1BCCE35B00FFE288 /* DeleteMenu.swift */,
				8D884B231BCD62F100279F13 /* LineTypeMenu.swift */,
				8D5F875D1BCCEDFD00FFE288 /* MenuType.swift */,
				372C1F851DB8A49E0006315B /* SidebarButton.swift */,
				37625D7D1DB4FBE00048EE01 /* SidebarMenu.swift */,
			);
			path = Sidebar;
			sourceTree = "<group>";
		};
		8D7A4F6F1E01D4E900048C3D /* Extensions */ = {
			isa = PBXGroup;
			children = (
				8D7A4F701E01D4F400048C3D /* Array+Extensions.swift */,
			);
			path = Extensions;
			sourceTree = "<group>";
		};
		8D8BB1761DB3F3E500514F87 /* Alerts */ = {
			isa = PBXGroup;
			children = (
				372C1F931DBE25EC0006315B /* Alert.swift */,
				37B056941DC0C6A3002F639E /* LoadTacticAlertVC.swift */,
				37B056951DC0C6A3002F639E /* LoadTacticAlertVC.xib */,
				37B0569A1DC0E6F0002F639E /* TacticAlertCell.swift */,
				37B0569B1DC0E6F0002F639E /* TacticAlertCell.xib */,
				372C1F901DBDEC200006315B /* TextFieldAlertVC.swift */,
				372C1F951DBF27590006315B /* TextFieldAlertVC.xib */,
			);
			path = Alerts;
			sourceTree = "<group>";
		};
		8DA4E1721B9AD9B800001794 = {
			isa = PBXGroup;
			children = (
				8DA4E17D1B9AD9B800001794 /* TactixBoard */,
				8D27C5271E255F7C004D1BB3 /* TactixBoardTests */,
				88460CEA1FD3BD8FDD2CFEF4 /* Frameworks */,
				9B8C3CA1BC5F48EB268585B4 /* Pods */,
				8DA4E17C1B9AD9B800001794 /* Products */,
			);
			sourceTree = "<group>";
		};
		8DA4E17C1B9AD9B800001794 /* Products */ = {
			isa = PBXGroup;
			children = (
				8DA4E17B1B9AD9B800001794 /* TactixBoard.app */,
				8D27C5261E255F7C004D1BB3 /* TactixBoardTests.xctest */,
			);
			name = Products;
			sourceTree = "<group>";
		};
		8DA4E17D1B9AD9B800001794 /* TactixBoard */ = {
			isa = PBXGroup;
			children = (
				372969F71DACE84300831162 /* Helpers */,
				8DA4E1A01B9B35C700001794 /* Libraries */,
				378D9DA91DAD0C40007AFE1D /* Managers */,
				37A9AF8F1DAE3D0700CA6D1F /* Models */,
				8DA4E1A61B9E114500001794 /* UI */,
				8DB0F9321BC5A5DA00186C3D /* ViewControllers */,
				8D17100C1BB9B8FA0007F919 /* Views */,
				8DA4E1801B9AD9B800001794 /* AppDelegate.swift */,
				37701C011DAE641D007EB0E9 /* Images.xcassets */,
				8DA4E17F1B9AD9B800001794 /* Info.plist */,
			);
			path = TactixBoard;
			sourceTree = "<group>";
		};
		8DA4E1A01B9B35C700001794 /* Libraries */ = {
			isa = PBXGroup;
			children = (
				8DA4E1A11B9B35D100001794 /* Classes */,
				8D19EDEC1BA9DAD100A82FD9 /* BridgingHeader.h */,
			);
			path = Libraries;
			sourceTree = "<group>";
		};
		8DA4E1A11B9B35D100001794 /* Classes */ = {
			isa = PBXGroup;
			children = (
				8DA4E1A91B9E13D900001794 /* Buttons.swift */,
			);
			path = Classes;
			sourceTree = "<group>";
		};
		8DA4E1A61B9E114500001794 /* UI */ = {
			isa = PBXGroup;
			children = (
				8DA4E1891B9AD9B800001794 /* LaunchScreen.xib */,
				8DA4E1841B9AD9B800001794 /* Main.storyboard */,
			);
			path = UI;
			sourceTree = "<group>";
		};
		8DB0F9321BC5A5DA00186C3D /* ViewControllers */ = {
			isa = PBXGroup;
			children = (
				8DA4E1A71B9E11AB00001794 /* BoardVC.swift */,
			);
			path = ViewControllers;
			sourceTree = "<group>";
		};
		9B8C3CA1BC5F48EB268585B4 /* Pods */ = {
			isa = PBXGroup;
			children = (
				73D98DE3B3B39F49C1578A43 /* Pods-TactixBoard.debug.xcconfig */,
				E67D5E52CE95CB618B316C3A /* Pods-TactixBoard.release.xcconfig */,
			);
			name = Pods;
			sourceTree = "<group>";
		};
/* End PBXGroup section */

/* Begin PBXNativeTarget section */
		8D27C5251E255F7C004D1BB3 /* TactixBoardTests */ = {
			isa = PBXNativeTarget;
			buildConfigurationList = 8D27C52D1E255F7C004D1BB3 /* Build configuration list for PBXNativeTarget "TactixBoardTests" */;
			buildPhases = (
				8D27C5221E255F7C004D1BB3 /* Sources */,
				8D27C5231E255F7C004D1BB3 /* Frameworks */,
				8D27C5241E255F7C004D1BB3 /* Resources */,
			);
			buildRules = (
			);
			dependencies = (
				8D27C52C1E255F7C004D1BB3 /* PBXTargetDependency */,
			);
			name = TactixBoardTests;
			productName = TactixBoardTests;
			productReference = 8D27C5261E255F7C004D1BB3 /* TactixBoardTests.xctest */;
			productType = "com.apple.product-type.bundle.unit-test";
		};
		8DA4E17A1B9AD9B800001794 /* TactixBoard */ = {
			isa = PBXNativeTarget;
			buildConfigurationList = 8DA4E19A1B9AD9B800001794 /* Build configuration list for PBXNativeTarget "TactixBoard" */;
			buildPhases = (
				1F2CA0BEB63443FE7A11AA86 /* [CP] Check Pods Manifest.lock */,
				8DA4E1771B9AD9B800001794 /* Sources */,
				8DA4E1781B9AD9B800001794 /* Frameworks */,
				8DA4E1791B9AD9B800001794 /* Resources */,
				8D19EDE91BA9D11000A82FD9 /* Fabric */,
				A366CA5A6A8504979FB3C176 /* [CP] Embed Pods Frameworks */,
				F3848A2FDF53F6E89413EEDD /* [CP] Copy Pods Resources */,
				8DE5413C1DF7242F003CB25B /* SwiftLint */,
			);
			buildRules = (
			);
			dependencies = (
			);
			name = TactixBoard;
			productName = TactixBoard;
			productReference = 8DA4E17B1B9AD9B800001794 /* TactixBoard.app */;
			productType = "com.apple.product-type.application";
		};
/* End PBXNativeTarget section */

/* Begin PBXProject section */
		8DA4E1731B9AD9B800001794 /* Project object */ = {
			isa = PBXProject;
			attributes = {
				LastSwiftMigration = 0700;
				LastSwiftUpdateCheck = 0820;
				LastUpgradeCheck = 0820;
				ORGANIZATIONNAME = agapov.one.ru;
				TargetAttributes = {
					8D27C5251E255F7C004D1BB3 = {
						CreatedOnToolsVersion = 8.2.1;
						DevelopmentTeam = 7J9NCU659T;
						ProvisioningStyle = Automatic;
						TestTargetID = 8DA4E17A1B9AD9B800001794;
					};
					8DA4E17A1B9AD9B800001794 = {
						CreatedOnToolsVersion = 6.4;
						DevelopmentTeam = 7J9NCU659T;
						LastSwiftMigration = 0820;
						ProvisioningStyle = Automatic;
					};
				};
			};
			buildConfigurationList = 8DA4E1761B9AD9B800001794 /* Build configuration list for PBXProject "TactixBoard" */;
			compatibilityVersion = "Xcode 3.2";
			developmentRegion = English;
			hasScannedForEncodings = 0;
			knownRegions = (
				en,
				Base,
			);
			mainGroup = 8DA4E1721B9AD9B800001794;
			productRefGroup = 8DA4E17C1B9AD9B800001794 /* Products */;
			projectDirPath = "";
			projectRoot = "";
			targets = (
				8DA4E17A1B9AD9B800001794 /* TactixBoard */,
				8D27C5251E255F7C004D1BB3 /* TactixBoardTests */,
			);
		};
/* End PBXProject section */

/* Begin PBXResourcesBuildPhase section */
		8D27C5241E255F7C004D1BB3 /* Resources */ = {
			isa = PBXResourcesBuildPhase;
			buildActionMask = 2147483647;
			files = (
			);
			runOnlyForDeploymentPostprocessing = 0;
		};
		8DA4E1791B9AD9B800001794 /* Resources */ = {
			isa = PBXResourcesBuildPhase;
			buildActionMask = 2147483647;
			files = (
				37B0569D1DC0E6F0002F639E /* TacticAlertCell.xib in Resources */,
				372C1F961DBF27590006315B /* TextFieldAlertVC.xib in Resources */,
				37B056971DC0C6A3002F639E /* LoadTacticAlertVC.xib in Resources */,
				8DA4E1861B9AD9B800001794 /* Main.storyboard in Resources */,
				8DA4E18B1B9AD9B800001794 /* LaunchScreen.xib in Resources */,
				37701C021DAE641D007EB0E9 /* Images.xcassets in Resources */,
			);
			runOnlyForDeploymentPostprocessing = 0;
		};
/* End PBXResourcesBuildPhase section */

/* Begin PBXShellScriptBuildPhase section */
		1F2CA0BEB63443FE7A11AA86 /* [CP] Check Pods Manifest.lock */ = {
			isa = PBXShellScriptBuildPhase;
			buildActionMask = 2147483647;
			files = (
			);
			inputPaths = (
			);
			name = "[CP] Check Pods Manifest.lock";
			outputPaths = (
			);
			runOnlyForDeploymentPostprocessing = 0;
			shellPath = /bin/sh;
			shellScript = "diff \"${PODS_ROOT}/../Podfile.lock\" \"${PODS_ROOT}/Manifest.lock\" > /dev/null\nif [[ $? != 0 ]] ; then\n    cat << EOM\nerror: The sandbox is not in sync with the Podfile.lock. Run 'pod install' or update your CocoaPods installation.\nEOM\n    exit 1\nfi\n";
			showEnvVarsInLog = 0;
		};
		8D19EDE91BA9D11000A82FD9 /* Fabric */ = {
			isa = PBXShellScriptBuildPhase;
			buildActionMask = 2147483647;
			files = (
			);
			inputPaths = (
			);
			name = Fabric;
			outputPaths = (
			);
			runOnlyForDeploymentPostprocessing = 0;
			shellPath = /bin/sh;
			shellScript = "\"${PODS_ROOT}/Fabric/run\" 12b12f3bd2a6722048fe4c7d229ab146f95b4ac6 ea338f8c2c41a0a250fa3103fabd10fa4323e73cb41a89599353c62e28691bf2";
		};
		8DE5413C1DF7242F003CB25B /* SwiftLint */ = {
			isa = PBXShellScriptBuildPhase;
			buildActionMask = 2147483647;
			files = (
			);
			inputPaths = (
			);
			name = SwiftLint;
			outputPaths = (
			);
			runOnlyForDeploymentPostprocessing = 0;
			shellPath = /bin/sh;
			shellScript = "if which swiftlint >/dev/null; then\n    swiftlint \nelse\n    echo \"warning: SwiftLint not installed, download from https://github.com/realm/SwiftLint\"\nfi";
		};
		A366CA5A6A8504979FB3C176 /* [CP] Embed Pods Frameworks */ = {
			isa = PBXShellScriptBuildPhase;
			buildActionMask = 2147483647;
			files = (
			);
			inputPaths = (
			);
			name = "[CP] Embed Pods Frameworks";
			outputPaths = (
			);
			runOnlyForDeploymentPostprocessing = 0;
			shellPath = /bin/sh;
			shellScript = "\"${SRCROOT}/Pods/Target Support Files/Pods-TactixBoard/Pods-TactixBoard-frameworks.sh\"\n";
			showEnvVarsInLog = 0;
		};
		F3848A2FDF53F6E89413EEDD /* [CP] Copy Pods Resources */ = {
			isa = PBXShellScriptBuildPhase;
			buildActionMask = 2147483647;
			files = (
			);
			inputPaths = (
			);
			name = "[CP] Copy Pods Resources";
			outputPaths = (
			);
			runOnlyForDeploymentPostprocessing = 0;
			shellPath = /bin/sh;
			shellScript = "\"${SRCROOT}/Pods/Target Support Files/Pods-TactixBoard/Pods-TactixBoard-resources.sh\"\n";
			showEnvVarsInLog = 0;
		};
/* End PBXShellScriptBuildPhase section */

/* Begin PBXSourcesBuildPhase section */
		8D27C5221E255F7C004D1BB3 /* Sources */ = {
			isa = PBXSourcesBuildPhase;
			buildActionMask = 2147483647;
			files = (
				8D27C5311E255FC0004D1BB3 /* PlayerTests.swift in Sources */,
				8D27C5331E255FD7004D1BB3 /* TactixBoardTests.swift in Sources */,
			);
			runOnlyForDeploymentPostprocessing = 0;
		};
		8DA4E1771B9AD9B800001794 /* Sources */ = {
			isa = PBXSourcesBuildPhase;
			buildActionMask = 2147483647;
			files = (
				8D7A4F711E01D4F400048C3D /* Array+Extensions.swift in Sources */,
				8D8BB1801DB3F5AF00514F87 /* RoundView.swift in Sources */,
				8D17100E1BB9B9350007F919 /* LineView.swift in Sources */,
				372C1F911DBDEC200006315B /* TextFieldAlertVC.swift in Sources */,
				37625D7E1DB4FBE00048EE01 /* SidebarMenu.swift in Sources */,
				8D5F875E1BCCEDFD00FFE288 /* MenuType.swift in Sources */,
				372C1F941DBE25EC0006315B /* Alert.swift in Sources */,
				37B056961DC0C6A3002F639E /* LoadTacticAlertVC.swift in Sources */,
				372969F61DACE6D900831162 /* PlayerView.swift in Sources */,
				37701C081DAF4BCE007EB0E9 /* State.swift in Sources */,
				37701C041DAE7D53007EB0E9 /* Tactic.swift in Sources */,
				372C1F8A1DBA34F50006315B /* MovableTactic.swift in Sources */,
				37B0569C1DC0E6F0002F639E /* TacticAlertCell.swift in Sources */,
				8D5F87601BCCF72B00FFE288 /* Fonts.swift in Sources */,
				8D884B241BCD62F100279F13 /* LineTypeMenu.swift in Sources */,
				37701C061DAF4955007EB0E9 /* MovableObject.swift in Sources */,
				37BAE7E01DAFA3710075DBC5 /* DrawManager.swift in Sources */,
				372969F01DACC41D00831162 /* DrawingView.swift in Sources */,
				8DA4E1A81B9E11AB00001794 /* BoardVC.swift in Sources */,
				372969F91DACE84E00831162 /* Colors.swift in Sources */,
				378D9DAB1DAD0C50007AFE1D /* MovableManager.swift in Sources */,
				8D5F875C1BCCE35B00FFE288 /* DeleteMenu.swift in Sources */,
				372969F41DACE66900831162 /* BallView.swift in Sources */,
				8DA4E1811B9AD9B800001794 /* AppDelegate.swift in Sources */,
				8DA4E1AA1B9E13D900001794 /* Buttons.swift in Sources */,
				37BAE7DE1DAF92AA0075DBC5 /* RealmManager.swift in Sources */,
				8D1710101BB9BF740007F919 /* MovableView.swift in Sources */,
				372C1F861DB8A49E0006315B /* SidebarButton.swift in Sources */,
				8D5F87561BCC106200FFE288 /* AddMenu.swift in Sources */,
			);
			runOnlyForDeploymentPostprocessing = 0;
		};
/* End PBXSourcesBuildPhase section */

/* Begin PBXTargetDependency section */
		8D27C52C1E255F7C004D1BB3 /* PBXTargetDependency */ = {
			isa = PBXTargetDependency;
			target = 8DA4E17A1B9AD9B800001794 /* TactixBoard */;
			targetProxy = 8D27C52B1E255F7C004D1BB3 /* PBXContainerItemProxy */;
		};
/* End PBXTargetDependency section */

/* Begin PBXVariantGroup section */
		8DA4E1841B9AD9B800001794 /* Main.storyboard */ = {
			isa = PBXVariantGroup;
			children = (
				8DA4E1851B9AD9B800001794 /* Base */,
			);
			name = Main.storyboard;
			path = .;
			sourceTree = "<group>";
		};
		8DA4E1891B9AD9B800001794 /* LaunchScreen.xib */ = {
			isa = PBXVariantGroup;
			children = (
				8DA4E18A1B9AD9B800001794 /* Base */,
			);
			name = LaunchScreen.xib;
			path = .;
			sourceTree = "<group>";
		};
/* End PBXVariantGroup section */

/* Begin XCBuildConfiguration section */
		8D27C52E1E255F7C004D1BB3 /* Debug */ = {
			isa = XCBuildConfiguration;
			buildSettings = {
				BUNDLE_LOADER = "$(TEST_HOST)";
				CLANG_ANALYZER_NONNULL = YES;
				CLANG_WARN_DOCUMENTATION_COMMENTS = YES;
				"CODE_SIGN_IDENTITY[sdk=iphoneos*]" = "iPhone Developer";
				DEBUG_INFORMATION_FORMAT = dwarf;
				DEVELOPMENT_TEAM = 7J9NCU659T;
				INFOPLIST_FILE = TactixBoardTests/Info.plist;
				IPHONEOS_DEPLOYMENT_TARGET = 10.2;
				LD_RUNPATH_SEARCH_PATHS = "$(inherited) @executable_path/Frameworks @loader_path/Frameworks";
				MTL_ENABLE_DEBUG_INFO = YES;
				PRODUCT_BUNDLE_IDENTIFIER = one.agapov.TactixBoardTests;
				PRODUCT_NAME = "$(TARGET_NAME)";
				SWIFT_ACTIVE_COMPILATION_CONDITIONS = DEBUG;
				SWIFT_VERSION = 3.0;
				TEST_HOST = "$(BUILT_PRODUCTS_DIR)/TactixBoard.app/TactixBoard";
			};
			name = Debug;
		};
		8D27C52F1E255F7C004D1BB3 /* Release */ = {
			isa = XCBuildConfiguration;
			buildSettings = {
				BUNDLE_LOADER = "$(TEST_HOST)";
				CLANG_ANALYZER_NONNULL = YES;
				CLANG_WARN_DOCUMENTATION_COMMENTS = YES;
				"CODE_SIGN_IDENTITY[sdk=iphoneos*]" = "iPhone Developer";
				DEVELOPMENT_TEAM = 7J9NCU659T;
				INFOPLIST_FILE = TactixBoardTests/Info.plist;
				IPHONEOS_DEPLOYMENT_TARGET = 10.2;
				LD_RUNPATH_SEARCH_PATHS = "$(inherited) @executable_path/Frameworks @loader_path/Frameworks";
				MTL_ENABLE_DEBUG_INFO = NO;
				PRODUCT_BUNDLE_IDENTIFIER = one.agapov.TactixBoardTests;
				PRODUCT_NAME = "$(TARGET_NAME)";
				SWIFT_VERSION = 3.0;
				TEST_HOST = "$(BUILT_PRODUCTS_DIR)/TactixBoard.app/TactixBoard";
			};
			name = Release;
		};
		8DA4E1981B9AD9B800001794 /* Debug */ = {
			isa = XCBuildConfiguration;
			buildSettings = {
				ALWAYS_SEARCH_USER_PATHS = NO;
				CLANG_CXX_LANGUAGE_STANDARD = "gnu++0x";
				CLANG_CXX_LIBRARY = "libc++";
				CLANG_ENABLE_MODULES = YES;
				CLANG_ENABLE_OBJC_ARC = YES;
				CLANG_WARN_BOOL_CONVERSION = YES;
				CLANG_WARN_CONSTANT_CONVERSION = YES;
				CLANG_WARN_DIRECT_OBJC_ISA_USAGE = YES_ERROR;
				CLANG_WARN_EMPTY_BODY = YES;
				CLANG_WARN_ENUM_CONVERSION = YES;
				CLANG_WARN_INFINITE_RECURSION = YES;
				CLANG_WARN_INT_CONVERSION = YES;
				CLANG_WARN_OBJC_ROOT_CLASS = YES_ERROR;
				CLANG_WARN_SUSPICIOUS_MOVE = YES;
				CLANG_WARN_UNREACHABLE_CODE = YES;
				CLANG_WARN__DUPLICATE_METHOD_MATCH = YES;
				CODE_SIGN_IDENTITY = "iPhone Developer";
				COPY_PHASE_STRIP = NO;
				DEBUG_INFORMATION_FORMAT = "dwarf-with-dsym";
				ENABLE_BITCODE = NO;
				ENABLE_STRICT_OBJC_MSGSEND = YES;
				ENABLE_TESTABILITY = YES;
				GCC_C_LANGUAGE_STANDARD = gnu99;
				GCC_DYNAMIC_NO_PIC = NO;
				GCC_NO_COMMON_BLOCKS = YES;
				GCC_OPTIMIZATION_LEVEL = 0;
				GCC_PREPROCESSOR_DEFINITIONS = (
					"DEBUG=1",
					"$(inherited)",
				);
				GCC_SYMBOLS_PRIVATE_EXTERN = NO;
				GCC_WARN_64_TO_32_BIT_CONVERSION = YES;
				GCC_WARN_ABOUT_RETURN_TYPE = YES_ERROR;
				GCC_WARN_UNDECLARED_SELECTOR = YES;
				GCC_WARN_UNINITIALIZED_AUTOS = YES_AGGRESSIVE;
				GCC_WARN_UNUSED_FUNCTION = YES;
				GCC_WARN_UNUSED_VARIABLE = YES;
				IPHONEOS_DEPLOYMENT_TARGET = 9.0;
				ONLY_ACTIVE_ARCH = YES;
				SDKROOT = iphoneos;
				SWIFT_OBJC_BRIDGING_HEADER = TactixBoard/Libraries/BridgingHeader.h;
				SWIFT_OPTIMIZATION_LEVEL = "-Onone";
				TARGETED_DEVICE_FAMILY = 2;
			};
			name = Debug;
		};
		8DA4E1991B9AD9B800001794 /* Release */ = {
			isa = XCBuildConfiguration;
			buildSettings = {
				ALWAYS_SEARCH_USER_PATHS = NO;
				CLANG_CXX_LANGUAGE_STANDARD = "gnu++0x";
				CLANG_CXX_LIBRARY = "libc++";
				CLANG_ENABLE_MODULES = YES;
				CLANG_ENABLE_OBJC_ARC = YES;
				CLANG_WARN_BOOL_CONVERSION = YES;
				CLANG_WARN_CONSTANT_CONVERSION = YES;
				CLANG_WARN_DIRECT_OBJC_ISA_USAGE = YES_ERROR;
				CLANG_WARN_EMPTY_BODY = YES;
				CLANG_WARN_ENUM_CONVERSION = YES;
				CLANG_WARN_INFINITE_RECURSION = YES;
				CLANG_WARN_INT_CONVERSION = YES;
				CLANG_WARN_OBJC_ROOT_CLASS = YES_ERROR;
				CLANG_WARN_SUSPICIOUS_MOVE = YES;
				CLANG_WARN_UNREACHABLE_CODE = YES;
				CLANG_WARN__DUPLICATE_METHOD_MATCH = YES;
				CODE_SIGN_IDENTITY = "iPhone Developer";
				COPY_PHASE_STRIP = NO;
				DEBUG_INFORMATION_FORMAT = "dwarf-with-dsym";
				ENABLE_BITCODE = NO;
				ENABLE_NS_ASSERTIONS = NO;
				ENABLE_STRICT_OBJC_MSGSEND = YES;
				GCC_C_LANGUAGE_STANDARD = gnu99;
				GCC_NO_COMMON_BLOCKS = YES;
				GCC_WARN_64_TO_32_BIT_CONVERSION = YES;
				GCC_WARN_ABOUT_RETURN_TYPE = YES_ERROR;
				GCC_WARN_UNDECLARED_SELECTOR = YES;
				GCC_WARN_UNINITIALIZED_AUTOS = YES_AGGRESSIVE;
				GCC_WARN_UNUSED_FUNCTION = YES;
				GCC_WARN_UNUSED_VARIABLE = YES;
				IPHONEOS_DEPLOYMENT_TARGET = 9.0;
				SDKROOT = iphoneos;
				SWIFT_OBJC_BRIDGING_HEADER = TactixBoard/Libraries/BridgingHeader.h;
				SWIFT_OPTIMIZATION_LEVEL = "-Owholemodule";
				TARGETED_DEVICE_FAMILY = 2;
				VALIDATE_PRODUCT = YES;
			};
			name = Release;
		};
		8DA4E19B1B9AD9B800001794 /* Debug */ = {
			isa = XCBuildConfiguration;
			baseConfigurationReference = 73D98DE3B3B39F49C1578A43 /* Pods-TactixBoard.debug.xcconfig */;
			buildSettings = {
				ALWAYS_EMBED_SWIFT_STANDARD_LIBRARIES = "$(inherited)";
				ASSETCATALOG_COMPILER_APPICON_NAME = AppIcon;
				CLANG_ALLOW_NON_MODULAR_INCLUDES_IN_FRAMEWORK_MODULES = YES;
				CLANG_ENABLE_MODULES = YES;
				CODE_SIGN_IDENTITY = "iPhone Developer";
				"CODE_SIGN_IDENTITY[sdk=iphoneos*]" = "iPhone Developer";
				DEVELOPMENT_TEAM = 7J9NCU659T;
				FRAMEWORK_SEARCH_PATHS = "$(inherited)";
				INFOPLIST_FILE = "$(SRCROOT)/TactixBoard/Info.plist";
				IPHONEOS_DEPLOYMENT_TARGET = 9.0;
				LD_RUNPATH_SEARCH_PATHS = "$(inherited) @executable_path/Frameworks";
				PRODUCT_BUNDLE_IDENTIFIER = "agapov.one.ru.$(PRODUCT_NAME:rfc1034identifier)";
				PRODUCT_NAME = "$(TARGET_NAME)";
				SWIFT_OPTIMIZATION_LEVEL = "-Onone";
				SWIFT_VERSION = 3.0;
			};
			name = Debug;
		};
		8DA4E19C1B9AD9B800001794 /* Release */ = {
			isa = XCBuildConfiguration;
			baseConfigurationReference = E67D5E52CE95CB618B316C3A /* Pods-TactixBoard.release.xcconfig */;
			buildSettings = {
				ASSETCATALOG_COMPILER_APPICON_NAME = AppIcon;
				CLANG_ALLOW_NON_MODULAR_INCLUDES_IN_FRAMEWORK_MODULES = YES;
				CLANG_ENABLE_MODULES = YES;
				DEVELOPMENT_TEAM = 7J9NCU659T;
				FRAMEWORK_SEARCH_PATHS = "$(inherited)";
				INFOPLIST_FILE = "$(SRCROOT)/TactixBoard/Info.plist";
				LD_RUNPATH_SEARCH_PATHS = "$(inherited) @executable_path/Frameworks";
				PRODUCT_BUNDLE_IDENTIFIER = "agapov.one.ru.$(PRODUCT_NAME:rfc1034identifier)";
				PRODUCT_NAME = "$(TARGET_NAME)";
				SWIFT_VERSION = 3.0;
			};
			name = Release;
		};
/* End XCBuildConfiguration section */

/* Begin XCConfigurationList section */
		8D27C52D1E255F7C004D1BB3 /* Build configuration list for PBXNativeTarget "TactixBoardTests" */ = {
			isa = XCConfigurationList;
			buildConfigurations = (
				8D27C52E1E255F7C004D1BB3 /* Debug */,
				8D27C52F1E255F7C004D1BB3 /* Release */,
			);
			defaultConfigurationIsVisible = 0;
		};
		8DA4E1761B9AD9B800001794 /* Build configuration list for PBXProject "TactixBoard" */ = {
			isa = XCConfigurationList;
			buildConfigurations = (
				8DA4E1981B9AD9B800001794 /* Debug */,
				8DA4E1991B9AD9B800001794 /* Release */,
			);
			defaultConfigurationIsVisible = 0;
			defaultConfigurationName = Release;
		};
		8DA4E19A1B9AD9B800001794 /* Build configuration list for PBXNativeTarget "TactixBoard" */ = {
			isa = XCConfigurationList;
			buildConfigurations = (
				8DA4E19B1B9AD9B800001794 /* Debug */,
				8DA4E19C1B9AD9B800001794 /* Release */,
			);
			defaultConfigurationIsVisible = 0;
			defaultConfigurationName = Release;
		};
/* End XCConfigurationList section */
	};
	rootObject = 8DA4E1731B9AD9B800001794 /* Project object */;
}
