PODS:
  - ChameleonFramework/Default (1.2.1)
  - ChameleonFramework/Swift (1.2.1):
    - ChameleonFramework/Default
  - Crashlytics (3.3.1)
  - Fabric (1.5.1):
    - Fabric/Base (= 1.5.1)
  - Fabric/Base (1.5.1)
  - jot (0.1.5):
    - Masonry (~> 0.6.1)
  - Masonry (0.6.2)

DEPENDENCIES:
  - ChameleonFramework/Swift
  - Crashlytics
  - Fabric
  - jot

SPEC CHECKSUMS:
  ChameleonFramework: 3476f813ac1615aef0a9a958f05520dfca47e09d
  Crashlytics: 0e61bdda9def51f1e99720f804eebe94865442b2
  Fabric: 03c3b3fe77e11a2bc31421b989a9c7adaa4779a5
  jot: 0f5dc333defa6ad805d01adc3834b201c22510a7
  Masonry: 362e8a1cc0beada4a4c4832d5e863da2a51533be

COCOAPODS: 0.38.2
